
Microsoft Visual Studio Solution File, Format Version 12.00
# Visual Studio Version 17
VisualStudioVersion = 17.13.35931.197 d17.13
MinimumVisualStudioVersion = 10.0.40219.1
Project("{FAE04EC0-301F-11D3-BF4B-00C04F79EFBC}") = "MyPurchases", "MyPurchases\MyPurchases.csproj", "{9EAC2A35-852B-43A8-B41C-46AEFD089B85}"
EndProject
Global
	GlobalSection(SolutionConfigurationPlatforms) = preSolution
		Debug|Any CPU = Debug|Any CPU
		Release|Any CPU = Release|Any CPU
	EndGlobalSection
	GlobalSection(ProjectConfigurationPlatforms) = postSolution
		{9EAC2A35-852B-43A8-B41C-46AEFD089B85}.Debug|Any CPU.ActiveCfg = Debug|Any CPU
		{9EAC2A35-852B-43A8-B41C-46AEFD089B85}.Debug|Any CPU.Build.0 = Debug|Any CPU
		{9EAC2A35-852B-43A8-B41C-46AEFD089B85}.Debug|Any CPU.Deploy.0 = Debug|Any CPU
		{9EAC2A35-852B-43A8-B41C-46AEFD089B85}.Release|Any CPU.ActiveCfg = Release|Any CPU
		{9EAC2A35-852B-43A8-B41C-46AEFD089B85}.Release|Any CPU.Build.0 = Release|Any CPU
		{9EAC2A35-852B-43A8-B41C-46AEFD089B85}.Release|Any CPU.Deploy.0 = Release|Any CPU
	EndGlobalSection
	GlobalSection(SolutionProperties) = preSolution
		HideSolutionNode = FALSE
	EndGlobalSection
	GlobalSection(ExtensibilityGlobals) = postSolution
		SolutionGuid = {F2C6D166-78A4-4C27-96ED-9F619BC1C822}
	EndGlobalSection
EndGlobal
